# THIS IS AN AUTOGENERATED FILE. DO NOT EDIT THIS FILE DIRECTLY.
# yarn lockfile v1


"@ffflorian/prettier-config@0.7.0":
  version "0.7.0"
  resolved "https://registry.yarnpkg.com/@ffflorian/prettier-config/-/prettier-config-0.7.0.tgz#2c01e8e1d60c5e01a8c5e59a69e4582c7780e30d"
  integrity sha512-T+G5SNIC0cfKlo3yli73Qa467fIVEsrOFf2BV74Wt9Q81lJCXvThD2oJuJuC4TlTv+Hjj/zZsDG8vKgFZFd+MQ==

prettier@3.8.1:
  version "3.8.1"
  resolved "https://registry.yarnpkg.com/prettier/-/prettier-3.8.1.tgz#edf48977cf991558f4fcbd8a3ba6015ba2a3a173"
  integrity sha512-UOnG6LftzbdaHZcKoPFtOcCKztrQ57WkHDeRD9t/PTQtmT0NHSeWWepj6pS0z/N7+08BHFDQVUrfmfMRcZwbMg==
